
Microsoft Visual Studio Solution File, Format Version 12.00
# Visual Studio 2012
Project("{FAE04EC0-301F-11D3-BF4B-00C04F79EFBC}") = "SampleStepper", "SampleStepper\SampleStepper.csproj", "{9B535596-DDF5-4A8C-BC93-3E4437103497}"
EndProject
Project("{FAE04EC0-301F-11D3-BF4B-00C04F79EFBC}") = "SampleStepper.iOS", "iOS\SampleStepper.iOS.csproj", "{97378EF6-D1C0-438F-B17C-8722B2A96411}"
EndProject
Project("{FAE04EC0-301F-11D3-BF4B-00C04F79EFBC}") = "SampleStepper.Droid", "Droid\SampleStepper.Droid.csproj", "{03476AA3-8A4C-4CC9-94B2-5466F8F230A7}"
EndProject
Global
	GlobalSection(SolutionConfigurationPlatforms) = preSolution
		Debug|Any CPU = Debug|Any CPU
		Release|Any CPU = Release|Any CPU
		Debug|iPhoneSimulator = Debug|iPhoneSimulator
		Release|iPhone = Release|iPhone
		Release|iPhoneSimulator = Release|iPhoneSimulator
		Debug|iPhone = Debug|iPhone
	EndGlobalSection
	GlobalSection(ProjectConfigurationPlatforms) = postSolution
		{9B535596-DDF5-4A8C-BC93-3E4437103497}.Debug|Any CPU.ActiveCfg = Debug|Any CPU
		{9B535596-DDF5-4A8C-BC93-3E4437103497}.Debug|Any CPU.Build.0 = Debug|Any CPU
		{9B535596-DDF5-4A8C-BC93-3E4437103497}.Release|Any CPU.ActiveCfg = Release|Any CPU
		{9B535596-DDF5-4A8C-BC93-3E4437103497}.Release|Any CPU.Build.0 = Release|Any CPU
		{9B535596-DDF5-4A8C-BC93-3E4437103497}.Debug|iPhoneSimulator.ActiveCfg = Debug|Any CPU
		{9B535596-DDF5-4A8C-BC93-3E4437103497}.Debug|iPhoneSimulator.Build.0 = Debug|Any CPU
		{9B535596-DDF5-4A8C-BC93-3E4437103497}.Release|iPhone.ActiveCfg = Release|Any CPU
		{9B535596-DDF5-4A8C-BC93-3E4437103497}.Release|iPhone.Build.0 = Release|Any CPU
		{9B535596-DDF5-4A8C-BC93-3E4437103497}.Release|iPhoneSimulator.ActiveCfg = Release|Any CPU
		{9B535596-DDF5-4A8C-BC93-3E4437103497}.Release|iPhoneSimulator.Build.0 = Release|Any CPU
		{9B535596-DDF5-4A8C-BC93-3E4437103497}.Debug|iPhone.ActiveCfg = Debug|Any CPU
		{9B535596-DDF5-4A8C-BC93-3E4437103497}.Debug|iPhone.Build.0 = Debug|Any CPU
		{97378EF6-D1C0-438F-B17C-8722B2A96411}.Debug|Any CPU.ActiveCfg = Debug|iPhoneSimulator
		{97378EF6-D1C0-438F-B17C-8722B2A96411}.Debug|Any CPU.Build.0 = Debug|iPhoneSimulator
		{97378EF6-D1C0-438F-B17C-8722B2A96411}.Release|Any CPU.ActiveCfg = Release|iPhone
		{97378EF6-D1C0-438F-B17C-8722B2A96411}.Release|Any CPU.Build.0 = Release|iPhone
		{97378EF6-D1C0-438F-B17C-8722B2A96411}.Debug|iPhoneSimulator.ActiveCfg = Debug|iPhoneSimulator
		{97378EF6-D1C0-438F-B17C-8722B2A96411}.Debug|iPhoneSimulator.Build.0 = Debug|iPhoneSimulator
		{97378EF6-D1C0-438F-B17C-8722B2A96411}.Release|iPhone.ActiveCfg = Release|iPhone
		{97378EF6-D1C0-438F-B17C-8722B2A96411}.Release|iPhone.Build.0 = Release|iPhone
		{97378EF6-D1C0-438F-B17C-8722B2A96411}.Release|iPhoneSimulator.ActiveCfg = Release|iPhoneSimulator
		{97378EF6-D1C0-438F-B17C-8722B2A96411}.Release|iPhoneSimulator.Build.0 = Release|iPhoneSimulator
		{97378EF6-D1C0-438F-B17C-8722B2A96411}.Debug|iPhone.ActiveCfg = Debug|iPhone
		{97378EF6-D1C0-438F-B17C-8722B2A96411}.Debug|iPhone.Build.0 = Debug|iPhone
		{03476AA3-8A4C-4CC9-94B2-5466F8F230A7}.Debug|Any CPU.ActiveCfg = Debug|Any CPU
		{03476AA3-8A4C-4CC9-94B2-5466F8F230A7}.Debug|Any CPU.Build.0 = Debug|Any CPU
		{03476AA3-8A4C-4CC9-94B2-5466F8F230A7}.Release|Any CPU.ActiveCfg = Release|Any CPU
		{03476AA3-8A4C-4CC9-94B2-5466F8F230A7}.Release|Any CPU.Build.0 = Release|Any CPU
		{03476AA3-8A4C-4CC9-94B2-5466F8F230A7}.Debug|iPhoneSimulator.ActiveCfg = Debug|Any CPU
		{03476AA3-8A4C-4CC9-94B2-5466F8F230A7}.Debug|iPhoneSimulator.Build.0 = Debug|Any CPU
		{03476AA3-8A4C-4CC9-94B2-5466F8F230A7}.Release|iPhone.ActiveCfg = Release|Any CPU
		{03476AA3-8A4C-4CC9-94B2-5466F8F230A7}.Release|iPhone.Build.0 = Release|Any CPU
		{03476AA3-8A4C-4CC9-94B2-5466F8F230A7}.Release|iPhoneSimulator.ActiveCfg = Release|Any CPU
		{03476AA3-8A4C-4CC9-94B2-5466F8F230A7}.Release|iPhoneSimulator.Build.0 = Release|Any CPU
		{03476AA3-8A4C-4CC9-94B2-5466F8F230A7}.Debug|iPhone.ActiveCfg = Debug|Any CPU
		{03476AA3-8A4C-4CC9-94B2-5466F8F230A7}.Debug|iPhone.Build.0 = Debug|Any CPU
	EndGlobalSection
EndGlobal
